// !$*UTF8*$!
{
	archiveVersion = 1;
	classes = {
	};
	objectVersion = 48;
	objects = {

/* Begin PBXBuildFile section */
		F4B483841FCF9ACC00139543 /* AppDelegate.swift in Sources */ = {isa = PBXBuildFile; fileRef = F4B483831FCF9ACC00139543 /* AppDelegate.swift */; };
		F4B483861FCF9ACC00139543 /* ViewController.swift in Sources */ = {isa = PBXBuildFile; fileRef = F4B483851FCF9ACC00139543 /* ViewController.swift */; };
		F4B483891FCF9ACC00139543 /* Main.storyboard in Resources */ = {isa = PBXBuildFile; fileRef = F4B483871FCF9ACC00139543 /* Main.storyboard */; };
		F4B4838B1FCF9ACC00139543 /* Assets.xcassets in Resources */ = {isa = PBXBuildFile; fileRef = F4B4838A1FCF9ACC00139543 /* Assets.xcassets */; };
		F4B4838E1FCF9ACC00139543 /* LaunchScreen.storyboard in Resources */ = {isa = PBXBuildFile; fileRef = F4B4838C1FCF9ACC00139543 /* LaunchScreen.storyboard */; };
		F4B4839B1FCF9B0B00139543 /* SimplePing.m in Sources */ = {isa = PBXBuildFile; fileRef = F4B483971FCF9B0A00139543 /* SimplePing.m */; };
		F4B4839C1FCF9B0B00139543 /* SimplePingHelper.m in Sources */ = {isa = PBXBuildFile; fileRef = F4B483991FCF9B0B00139543 /* SimplePingHelper.m */; };
/* End PBXBuildFile section */

/* Begin PBXFileReference section */
		F4B483801FCF9ACC00139543 /* PingTester.app */ = {isa = PBXFileReference; explicitFileType = wrapper.application; includeInIndex = 0; path = PingTester.app; sourceTree = BUILT_PRODUCTS_DIR; };
		F4B483831FCF9ACC00139543 /* AppDelegate.swift */ = {isa = PBXFileReference; lastKnownFileType = sourcecode.swift; path = AppDelegate.swift; sourceTree = "<group>"; };
		F4B483851FCF9ACC00139543 /* ViewController.swift */ = {isa = PBXFileReference; lastKnownFileType = sourcecode.swift; path = ViewController.swift; sourceTree = "<group>"; };
		F4B483881FCF9ACC00139543 /* Base */ = {isa = PBXFileReference; lastKnownFileType = file.storyboard; name = Base; path = Base.lproj/Main.storyboard; sourceTree = "<group>"; };
		F4B4838A1FCF9ACC00139543 /* Assets.xcassets */ = {isa = PBXFileReference; lastKnownFileType = folder.assetcatalog; path = Assets.xcassets; sourceTree = "<group>"; };
		F4B4838D1FCF9ACC00139543 /* Base */ = {isa = PBXFileReference; lastKnownFileType = file.storyboard; name = Base; path = Base.lproj/LaunchScreen.storyboard; sourceTree = "<group>"; };
		F4B4838F1FCF9ACC00139543 /* Info.plist */ = {isa = PBXFileReference; lastKnownFileType = text.plist.xml; path = Info.plist; sourceTree = "<group>"; };
		F4B483961FCF9B0A00139543 /* PingTester-Bridging-Header.h */ = {isa = PBXFileReference; lastKnownFileType = sourcecode.c.h; path = "PingTester-Bridging-Header.h"; sourceTree = "<group>"; };
		F4B483971FCF9B0A00139543 /* SimplePing.m */ = {isa = PBXFileReference; fileEncoding = 4; lastKnownFileType = sourcecode.c.objc; path = SimplePing.m; sourceTree = "<group>"; };
		F4B483981FCF9B0A00139543 /* SimplePingHelper.h */ = {isa = PBXFileReference; fileEncoding = 4; lastKnownFileType = sourcecode.c.h; path = SimplePingHelper.h; sourceTree = "<group>"; };
		F4B483991FCF9B0B00139543 /* SimplePingHelper.m */ = {isa = PBXFileReference; fileEncoding = 4; lastKnownFileType = sourcecode.c.objc; path = SimplePingHelper.m; sourceTree = "<group>"; };
		F4B4839A1FCF9B0B00139543 /* SimplePing.h */ = {isa = PBXFileReference; fileEncoding = 4; lastKnownFileType = sourcecode.c.h; path = SimplePing.h; sourceTree = "<group>"; };
/* End PBXFileReference section */

/* Begin PBXFrameworksBuildPhase section */
		F4B4837D1FCF9ACC00139543 /* Frameworks */ = {
			isa = PBXFrameworksBuildPhase;
			buildActionMask = 2147483647;
			files = (
			);
			runOnlyForDeploymentPostprocessing = 0;
		};
/* End PBXFrameworksBuildPhase section */

/* Begin PBXGroup section */
		F4B483771FCF9ACC00139543 = {
			isa = PBXGroup;
			children = (
				F4B483821FCF9ACC00139543 /* PingTester */,
				F4B483811FCF9ACC00139543 /* Products */,
			);
			sourceTree = "<group>";
		};
		F4B483811FCF9ACC00139543 /* Products */ = {
			isa = PBXGroup;
			children = (
				F4B483801FCF9ACC00139543 /* PingTester.app */,
			);
			name = Products;
			sourceTree = "<group>";
		};
		F4B483821FCF9ACC00139543 /* PingTester */ = {
			isa = PBXGroup;
			children = (
				F4B483951FCF9AEE00139543 /* Ping */,
				F4B483831FCF9ACC00139543 /* AppDelegate.swift */,
				F4B483851FCF9ACC00139543 /* ViewController.swift */,
				F4B483871FCF9ACC00139543 /* Main.storyboard */,
				F4B4838A1FCF9ACC00139543 /* Assets.xcassets */,
				F4B4838C1FCF9ACC00139543 /* LaunchScreen.storyboard */,
				F4B4838F1FCF9ACC00139543 /* Info.plist */,
			);
			path = PingTester;
			sourceTree = "<group>";
		};
		F4B483951FCF9AEE00139543 /* Ping */ = {
			isa = PBXGroup;
			children = (
				F4B4839A1FCF9B0B00139543 /* SimplePing.h */,
				F4B483971FCF9B0A00139543 /* SimplePing.m */,
				F4B483981FCF9B0A00139543 /* SimplePingHelper.h */,
				F4B483991FCF9B0B00139543 /* SimplePingHelper.m */,
				F4B483961FCF9B0A00139543 /* PingTester-Bridging-Header.h */,
			);
			path = Ping;
			sourceTree = "<group>";
		};
/* End PBXGroup section */

/* Begin PBXNativeTarget section */
		F4B4837F1FCF9ACC00139543 /* PingTester */ = {
			isa = PBXNativeTarget;
			buildConfigurationList = F4B483921FCF9ACC00139543 /* Build configuration list for PBXNativeTarget "PingTester" */;
			buildPhases = (
				F4B4837C1FCF9ACC00139543 /* Sources */,
				F4B4837D1FCF9ACC00139543 /* Frameworks */,
				F4B4837E1FCF9ACC00139543 /* Resources */,
			);
			buildRules = (
			);
			dependencies = (
			);
			name = PingTester;
			productName = PingTester;
			productReference = F4B483801FCF9ACC00139543 /* PingTester.app */;
			productType = "com.apple.product-type.application";
		};
/* End PBXNativeTarget section */

/* Begin PBXProject section */
		F4B483781FCF9ACC00139543 /* Project object */ = {
			isa = PBXProject;
			attributes = {
				LastSwiftUpdateCheck = 0910;
				LastUpgradeCheck = 0910;
				TargetAttributes = {
					F4B4837F1FCF9ACC00139543 = {
						CreatedOnToolsVersion = 9.1;
						LastSwiftMigration = 0910;
						ProvisioningStyle = Automatic;
					};
				};
			};
			buildConfigurationList = F4B4837B1FCF9ACC00139543 /* Build configuration list for PBXProject "PingTester" */;
			compatibilityVersion = "Xcode 8.0";
			developmentRegion = en;
			hasScannedForEncodings = 0;
			knownRegions = (
				en,
				Base,
			);
			mainGroup = F4B483771FCF9ACC00139543;
			productRefGroup = F4B483811FCF9ACC00139543 /* Products */;
			projectDirPath = "";
			projectRoot = "";
			targets = (
				F4B4837F1FCF9ACC00139543 /* PingTester */,
			);
		};
/* End PBXProject section */

/* Begin PBXResourcesBuildPhase section */
		F4B4837E1FCF9ACC00139543 /* Resources */ = {
			isa = PBXResourcesBuildPhase;
			buildActionMask = 2147483647;
			files = (
				F4B4838E1FCF9ACC00139543 /* LaunchScreen.storyboard in Resources */,
				F4B4838B1FCF9ACC00139543 /* Assets.xcassets in Resources */,
				F4B483891FCF9ACC00139543 /* Main.storyboard in Resources */,
			);
			runOnlyForDeploymentPostprocessing = 0;
		};
/* End PBXResourcesBuildPhase section */

/* Begin PBXSourcesBuildPhase section */
		F4B4837C1FCF9ACC00139543 /* Sources */ = {
			isa = PBXSourcesBuildPhase;
			buildActionMask = 2147483647;
			files = (
				F4B4839B1FCF9B0B00139543 /* SimplePing.m in Sources */,
				F4B4839C1FCF9B0B00139543 /* SimplePingHelper.m in Sources */,
				F4B483861FCF9ACC00139543 /* ViewController.swift in Sources */,
				F4B483841FCF9ACC00139543 /* AppDelegate.swift in Sources */,
			);
			runOnlyForDeploymentPostprocessing = 0;
		};
/* End PBXSourcesBuildPhase section */

/* Begin PBXVariantGroup section */
		F4B483871FCF9ACC00139543 /* Main.storyboard */ = {
			isa = PBXVariantGroup;
			children = (
				F4B483881FCF9ACC00139543 /* Base */,
			);
			name = Main.storyboard;
			sourceTree = "<group>";
		};
		F4B4838C1FCF9ACC00139543 /* LaunchScreen.storyboard */ = {
			isa = PBXVariantGroup;
			children = (
				F4B4838D1FCF9ACC00139543 /* Base */,
			);
			name = LaunchScreen.storyboard;
			sourceTree = "<group>";
		};
/* End PBXVariantGroup section */

/* Begin XCBuildConfiguration section */
		F4B483901FCF9ACC00139543 /* Debug */ = {
			isa = XCBuildConfiguration;
			buildSettings = {
				ALWAYS_SEARCH_USER_PATHS = NO;
				CLANG_ANALYZER_NONNULL = YES;
				CLANG_ANALYZER_NUMBER_OBJECT_CONVERSION = YES_AGGRESSIVE;
				CLANG_CXX_LANGUAGE_STANDARD = "gnu++14";
				CLANG_CXX_LIBRARY = "libc++";
				CLANG_ENABLE_MODULES = YES;
				CLANG_ENABLE_OBJC_ARC = YES;
				CLANG_WARN_BLOCK_CAPTURE_AUTORELEASING = YES;
				CLANG_WARN_BOOL_CONVERSION = YES;
				CLANG_WARN_COMMA = YES;
				CLANG_WARN_CONSTANT_CONVERSION = YES;
				CLANG_WARN_DIRECT_OBJC_ISA_USAGE = YES_ERROR;
				CLANG_WARN_DOCUMENTATION_COMMENTS = YES;
				CLANG_WARN_EMPTY_BODY = YES;
				CLANG_WARN_ENUM_CONVERSION = YES;
				CLANG_WARN_INFINITE_RECURSION = YES;
				CLANG_WARN_INT_CONVERSION = YES;
				CLANG_WARN_NON_LITERAL_NULL_CONVERSION = YES;
				CLANG_WARN_OBJC_LITERAL_CONVERSION = YES;
				CLANG_WARN_OBJC_ROOT_CLASS = YES_ERROR;
				CLANG_WARN_RANGE_LOOP_ANALYSIS = YES;
				CLANG_WARN_STRICT_PROTOTYPES = YES;
				CLANG_WARN_SUSPICIOUS_MOVE = YES;
				CLANG_WARN_UNGUARDED_AVAILABILITY = YES_AGGRESSIVE;
				CLANG_WARN_UNREACHABLE_CODE = YES;
				CLANG_WARN__DUPLICATE_METHOD_MATCH = YES;
				CODE_SIGN_IDENTITY = "iPhone Developer";
				COPY_PHASE_STRIP = NO;
				DEBUG_INFORMATION_FORMAT = dwarf;
				ENABLE_STRICT_OBJC_MSGSEND = YES;
				ENABLE_TESTABILITY = YES;
				GCC_C_LANGUAGE_STANDARD = gnu11;
				GCC_DYNAMIC_NO_PIC = NO;
				GCC_NO_COMMON_BLOCKS = YES;
				GCC_OPTIMIZATION_LEVEL = 0;
				GCC_PREPROCESSOR_DEFINITIONS = (
					"DEBUG=1",
					"$(inherited)",
				);
				GCC_WARN_64_TO_32_BIT_CONVERSION = YES;
				GCC_WARN_ABOUT_RETURN_TYPE = YES_ERROR;
				GCC_WARN_UNDECLARED_SELECTOR = YES;
				GCC_WARN_UNINITIALIZED_AUTOS = YES_AGGRESSIVE;
				GCC_WARN_UNUSED_FUNCTION = YES;
				GCC_WARN_UNUSED_VARIABLE = YES;
				IPHONEOS_DEPLOYMENT_TARGET = 9.0;
				MTL_ENABLE_DEBUG_INFO = YES;
				ONLY_ACTIVE_ARCH = YES;
				SDKROOT = iphoneos;
				SWIFT_ACTIVE_COMPILATION_CONDITIONS = DEBUG;
				SWIFT_OPTIMIZATION_LEVEL = "-Onone";
			};
			name = Debug;
		};
		F4B483911FCF9ACC00139543 /* Release */ = {
			isa = XCBuildConfiguration;
			buildSettings = {
				ALWAYS_SEARCH_USER_PATHS = NO;
				CLANG_ANALYZER_NONNULL = YES;
				CLANG_ANALYZER_NUMBER_OBJECT_CONVERSION = YES_AGGRESSIVE;
				CLANG_CXX_LANGUAGE_STANDARD = "gnu++14";
				CLANG_CXX_LIBRARY = "libc++";
				CLANG_ENABLE_MODULES = YES;
				CLANG_ENABLE_OBJC_ARC = YES;
				CLANG_WARN_BLOCK_CAPTURE_AUTORELEASING = YES;
				CLANG_WARN_BOOL_CONVERSION = YES;
				CLANG_WARN_COMMA = YES;
				CLANG_WARN_CONSTANT_CONVERSION = YES;
				CLANG_WARN_DIRECT_OBJC_ISA_USAGE = YES_ERROR;
				CLANG_WARN_DOCUMENTATION_COMMENTS = YES;
				CLANG_WARN_EMPTY_BODY = YES;
				CLANG_WARN_ENUM_CONVERSION = YES;
				CLANG_WARN_INFINITE_RECURSION = YES;
				CLANG_WARN_INT_CONVERSION = YES;
				CLANG_WARN_NON_LITERAL_NULL_CONVERSION = YES;
				CLANG_WARN_OBJC_LITERAL_CONVERSION = YES;
				CLANG_WARN_OBJC_ROOT_CLASS = YES_ERROR;
				CLANG_WARN_RANGE_LOOP_ANALYSIS = YES;
				CLANG_WARN_STRICT_PROTOTYPES = YES;
				CLANG_WARN_SUSPICIOUS_MOVE = YES;
				CLANG_WARN_UNGUARDED_AVAILABILITY = YES_AGGRESSIVE;
				CLANG_WARN_UNREACHABLE_CODE = YES;
				CLANG_WARN__DUPLICATE_METHOD_MATCH = YES;
				CODE_SIGN_IDENTITY = "iPhone Developer";
				COPY_PHASE_STRIP = NO;
				DEBUG_INFORMATION_FORMAT = "dwarf-with-dsym";
				ENABLE_NS_ASSERTIONS = NO;
				ENABLE_STRICT_OBJC_MSGSEND = YES;
				GCC_C_LANGUAGE_STANDARD = gnu11;
				GCC_NO_COMMON_BLOCKS = YES;
				GCC_WARN_64_TO_32_BIT_CONVERSION = YES;
				GCC_WARN_ABOUT_RETURN_TYPE = YES_ERROR;
				GCC_WARN_UNDECLARED_SELECTOR = YES;
				GCC_WARN_UNINITIALIZED_AUTOS = YES_AGGRESSIVE;
				GCC_WARN_UNUSED_FUNCTION = YES;
				GCC_WARN_UNUSED_VARIABLE = YES;
				IPHONEOS_DEPLOYMENT_TARGET = 9.0;
				MTL_ENABLE_DEBUG_INFO = NO;
				SDKROOT = iphoneos;
				SWIFT_OPTIMIZATION_LEVEL = "-Owholemodule";
				VALIDATE_PRODUCT = YES;
			};
			name = Release;
		};
		F4B483931FCF9ACC00139543 /* Debug */ = {
			isa = XCBuildConfiguration;
			buildSettings = {
				ASSETCATALOG_COMPILER_APPICON_NAME = AppIcon;
				CLANG_ENABLE_MODULES = YES;
				CODE_SIGN_STYLE = Automatic;
				INFOPLIST_FILE = PingTester/Info.plist;
				IPHONEOS_DEPLOYMENT_TARGET = 9.0;
				LD_RUNPATH_SEARCH_PATHS = "$(inherited) @executable_path/Frameworks";
				PRODUCT_BUNDLE_IDENTIFIER = NONE.PingTester;
				PRODUCT_NAME = "$(TARGET_NAME)";
				SWIFT_OBJC_BRIDGING_HEADER = "PingTester/Ping/PingTester-Bridging-Header.h";
				SWIFT_OPTIMIZATION_LEVEL = "-Onone";
				SWIFT_VERSION = 4.0;
				TARGETED_DEVICE_FAMILY = "1,2";
			};
			name = Debug;
		};
		F4B483941FCF9ACC00139543 /* Release */ = {
			isa = XCBuildConfiguration;
			buildSettings = {
				ASSETCATALOG_COMPILER_APPICON_NAME = AppIcon;
				CLANG_ENABLE_MODULES = YES;
				CODE_SIGN_STYLE = Automatic;
				INFOPLIST_FILE = PingTester/Info.plist;
				IPHONEOS_DEPLOYMENT_TARGET = 9.0;
				LD_RUNPATH_SEARCH_PATHS = "$(inherited) @executable_path/Frameworks";
				PRODUCT_BUNDLE_IDENTIFIER = NONE.PingTester;
				PRODUCT_NAME = "$(TARGET_NAME)";
				SWIFT_OBJC_BRIDGING_HEADER = "PingTester/Ping/PingTester-Bridging-Header.h";
				SWIFT_VERSION = 4.0;
				TARGETED_DEVICE_FAMILY = "1,2";
			};
			name = Release;
		};
/* End XCBuildConfiguration section */

/* Begin XCConfigurationList section */
		F4B4837B1FCF9ACC00139543 /* Build configuration list for PBXProject "PingTester" */ = {
			isa = XCConfigurationList;
			buildConfigurations = (
				F4B483901FCF9ACC00139543 /* Debug */,
				F4B483911FCF9ACC00139543 /* Release */,
			);
			defaultConfigurationIsVisible = 0;
			defaultConfigurationName = Release;
		};
		F4B483921FCF9ACC00139543 /* Build configuration list for PBXNativeTarget "PingTester" */ = {
			isa = XCConfigurationList;
			buildConfigurations = (
				F4B483931FCF9ACC00139543 /* Debug */,
				F4B483941FCF9ACC00139543 /* Release */,
			);
			defaultConfigurationIsVisible = 0;
			defaultConfigurationName = Release;
		};
/* End XCConfigurationList section */
	};
	rootObject = F4B483781FCF9ACC00139543 /* Project object */;
}
